
Microsoft Visual Studio Solution File, Format Version 12.00
# Visual Studio 14
VisualStudioVersion = 14.0.24720.0
MinimumVisualStudioVersion = 10.0.40219.1
Project("{FAE04EC0-301F-11D3-BF4B-00C04F79EFBC}") = "PhoneTag.WebServices", "PhoneTag.WebServices\PhoneTag.WebServices.csproj", "{6B88D9FF-AA04-4F67-9AD6-51923EA4A837}"
EndProject
Project("{FAE04EC0-301F-11D3-BF4B-00C04F79EFBC}") = "PhoneTag.SharedCodebase", "PhoneTag.SharedCodebase\PhoneTag.SharedCodebase.csproj", "{4E618B83-922A-45BF-B4CE-0033B1A8C24C}"
EndProject
Project("{FAE04EC0-301F-11D3-BF4B-00C04F79EFBC}") = "PhoneTag.XamarinForms.Droid", "PhoneTag.XamarinForms\PhoneTag.XamarinForms.Droid\PhoneTag.XamarinForms.Droid.csproj", "{33834B4B-B31E-4BAD-895F-AD6A20F1204C}"
EndProject
Project("{FAE04EC0-301F-11D3-BF4B-00C04F79EFBC}") = "PhoneTag.XamarinForms.iOS", "PhoneTag.XamarinForms\PhoneTag.XamarinForms.iOS\PhoneTag.XamarinForms.iOS.csproj", "{4BBEBFC6-EA75-417E-867B-128D38D7F341}"
EndProject
Project("{FAE04EC0-301F-11D3-BF4B-00C04F79EFBC}") = "PhoneTag.XamarinForms", "PhoneTag.XamarinForms\PhoneTag.XamarinForms\PhoneTag.XamarinForms.csproj", "{D20215D1-0ADB-47A0-B813-BCC2B51F8167}"
EndProject
Project("{FAE04EC0-301F-11D3-BF4B-00C04F79EFBC}") = "PhoneTag.WSTest", "PhoneTag.WSTest\PhoneTag.WSTest.csproj", "{AE60B1CE-000C-466C-B1EE-3B7706C2F7BA}"
EndProject
Global
	GlobalSection(SolutionConfigurationPlatforms) = preSolution
		Ad-Hoc|Any CPU = Ad-Hoc|Any CPU
		Ad-Hoc|iPhone = Ad-Hoc|iPhone
		Ad-Hoc|iPhoneSimulator = Ad-Hoc|iPhoneSimulator
		AppStore|Any CPU = AppStore|Any CPU
		AppStore|iPhone = AppStore|iPhone
		AppStore|iPhoneSimulator = AppStore|iPhoneSimulator
		Debug|Any CPU = Debug|Any CPU
		Debug|iPhone = Debug|iPhone
		Debug|iPhoneSimulator = Debug|iPhoneSimulator
		Release|Any CPU = Release|Any CPU
		Release|iPhone = Release|iPhone
		Release|iPhoneSimulator = Release|iPhoneSimulator
	EndGlobalSection
	GlobalSection(ProjectConfigurationPlatforms) = postSolution
		{6B88D9FF-AA04-4F67-9AD6-51923EA4A837}.Ad-Hoc|Any CPU.ActiveCfg = Release|Any CPU
		{6B88D9FF-AA04-4F67-9AD6-51923EA4A837}.Ad-Hoc|Any CPU.Build.0 = Release|Any CPU
		{6B88D9FF-AA04-4F67-9AD6-51923EA4A837}.Ad-Hoc|iPhone.ActiveCfg = Release|Any CPU
		{6B88D9FF-AA04-4F67-9AD6-51923EA4A837}.Ad-Hoc|iPhone.Build.0 = Release|Any CPU
		{6B88D9FF-AA04-4F67-9AD6-51923EA4A837}.Ad-Hoc|iPhoneSimulator.ActiveCfg = Release|Any CPU
		{6B88D9FF-AA04-4F67-9AD6-51923EA4A837}.Ad-Hoc|iPhoneSimulator.Build.0 = Release|Any CPU
		{6B88D9FF-AA04-4F67-9AD6-51923EA4A837}.AppStore|Any CPU.ActiveCfg = Release|Any CPU
		{6B88D9FF-AA04-4F67-9AD6-51923EA4A837}.AppStore|Any CPU.Build.0 = Release|Any CPU
		{6B88D9FF-AA04-4F67-9AD6-51923EA4A837}.AppStore|iPhone.ActiveCfg = Release|Any CPU
		{6B88D9FF-AA04-4F67-9AD6-51923EA4A837}.AppStore|iPhone.Build.0 = Release|Any CPU
		{6B88D9FF-AA04-4F67-9AD6-51923EA4A837}.AppStore|iPhoneSimulator.ActiveCfg = Release|Any CPU
		{6B88D9FF-AA04-4F67-9AD6-51923EA4A837}.AppStore|iPhoneSimulator.Build.0 = Release|Any CPU
		{6B88D9FF-AA04-4F67-9AD6-51923EA4A837}.Debug|Any CPU.ActiveCfg = Debug|Any CPU
		{6B88D9FF-AA04-4F67-9AD6-51923EA4A837}.Debug|Any CPU.Build.0 = Debug|Any CPU
		{6B88D9FF-AA04-4F67-9AD6-51923EA4A837}.Debug|iPhone.ActiveCfg = Debug|Any CPU
		{6B88D9FF-AA04-4F67-9AD6-51923EA4A837}.Debug|iPhone.Build.0 = Debug|Any CPU
		{6B88D9FF-AA04-4F67-9AD6-51923EA4A837}.Debug|iPhoneSimulator.ActiveCfg = Debug|Any CPU
		{6B88D9FF-AA04-4F67-9AD6-51923EA4A837}.Debug|iPhoneSimulator.Build.0 = Debug|Any CPU
		{6B88D9FF-AA04-4F67-9AD6-51923EA4A837}.Release|Any CPU.ActiveCfg = Release|Any CPU
		{6B88D9FF-AA04-4F67-9AD6-51923EA4A837}.Release|Any CPU.Build.0 = Release|Any CPU
		{6B88D9FF-AA04-4F67-9AD6-51923EA4A837}.Release|iPhone.ActiveCfg = Release|Any CPU
		{6B88D9FF-AA04-4F67-9AD6-51923EA4A837}.Release|iPhone.Build.0 = Release|Any CPU
		{6B88D9FF-AA04-4F67-9AD6-51923EA4A837}.Release|iPhoneSimulator.ActiveCfg = Release|Any CPU
		{6B88D9FF-AA04-4F67-9AD6-51923EA4A837}.Release|iPhoneSimulator.Build.0 = Release|Any CPU
		{4E618B83-922A-45BF-B4CE-0033B1A8C24C}.Ad-Hoc|Any CPU.ActiveCfg = Release|Any CPU
		{4E618B83-922A-45BF-B4CE-0033B1A8C24C}.Ad-Hoc|Any CPU.Build.0 = Release|Any CPU
		{4E618B83-922A-45BF-B4CE-0033B1A8C24C}.Ad-Hoc|iPhone.ActiveCfg = Release|Any CPU
		{4E618B83-922A-45BF-B4CE-0033B1A8C24C}.Ad-Hoc|iPhone.Build.0 = Release|Any CPU
		{4E618B83-922A-45BF-B4CE-0033B1A8C24C}.Ad-Hoc|iPhoneSimulator.ActiveCfg = Release|Any CPU
		{4E618B83-922A-45BF-B4CE-0033B1A8C24C}.Ad-Hoc|iPhoneSimulator.Build.0 = Release|Any CPU
		{4E618B83-922A-45BF-B4CE-0033B1A8C24C}.AppStore|Any CPU.ActiveCfg = Release|Any CPU
		{4E618B83-922A-45BF-B4CE-0033B1A8C24C}.AppStore|Any CPU.Build.0 = Release|Any CPU
		{4E618B83-922A-45BF-B4CE-0033B1A8C24C}.AppStore|iPhone.ActiveCfg = Release|Any CPU
		{4E618B83-922A-45BF-B4CE-0033B1A8C24C}.AppStore|iPhone.Build.0 = Release|Any CPU
		{4E618B83-922A-45BF-B4CE-0033B1A8C24C}.AppStore|iPhoneSimulator.ActiveCfg = Release|Any CPU
		{4E618B83-922A-45BF-B4CE-0033B1A8C24C}.AppStore|iPhoneSimulator.Build.0 = Release|Any CPU
		{4E618B83-922A-45BF-B4CE-0033B1A8C24C}.Debug|Any CPU.ActiveCfg = Debug|Any CPU
		{4E618B83-922A-45BF-B4CE-0033B1A8C24C}.Debug|Any CPU.Build.0 = Debug|Any CPU
		{4E618B83-922A-45BF-B4CE-0033B1A8C24C}.Debug|iPhone.ActiveCfg = Debug|Any CPU
		{4E618B83-922A-45BF-B4CE-0033B1A8C24C}.Debug|iPhone.Build.0 = Debug|Any CPU
		{4E618B83-922A-45BF-B4CE-0033B1A8C24C}.Debug|iPhoneSimulator.ActiveCfg = Debug|Any CPU
		{4E618B83-922A-45BF-B4CE-0033B1A8C24C}.Debug|iPhoneSimulator.Build.0 = Debug|Any CPU
		{4E618B83-922A-45BF-B4CE-0033B1A8C24C}.Release|Any CPU.ActiveCfg = Release|Any CPU
		{4E618B83-922A-45BF-B4CE-0033B1A8C24C}.Release|Any CPU.Build.0 = Release|Any CPU
		{4E618B83-922A-45BF-B4CE-0033B1A8C24C}.Release|iPhone.ActiveCfg = Release|Any CPU
		{4E618B83-922A-45BF-B4CE-0033B1A8C24C}.Release|iPhone.Build.0 = Release|Any CPU
		{4E618B83-922A-45BF-B4CE-0033B1A8C24C}.Release|iPhoneSimulator.ActiveCfg = Release|Any CPU
		{4E618B83-922A-45BF-B4CE-0033B1A8C24C}.Release|iPhoneSimulator.Build.0 = Release|Any CPU
		{33834B4B-B31E-4BAD-895F-AD6A20F1204C}.Ad-Hoc|Any CPU.ActiveCfg = Release|Any CPU
		{33834B4B-B31E-4BAD-895F-AD6A20F1204C}.Ad-Hoc|Any CPU.Build.0 = Release|Any CPU
		{33834B4B-B31E-4BAD-895F-AD6A20F1204C}.Ad-Hoc|Any CPU.Deploy.0 = Release|Any CPU
		{33834B4B-B31E-4BAD-895F-AD6A20F1204C}.Ad-Hoc|iPhone.ActiveCfg = Release|Any CPU
		{33834B4B-B31E-4BAD-895F-AD6A20F1204C}.Ad-Hoc|iPhone.Build.0 = Release|Any CPU
		{33834B4B-B31E-4BAD-895F-AD6A20F1204C}.Ad-Hoc|iPhone.Deploy.0 = Release|Any CPU
		{33834B4B-B31E-4BAD-895F-AD6A20F1204C}.Ad-Hoc|iPhoneSimulator.ActiveCfg = Release|Any CPU
		{33834B4B-B31E-4BAD-895F-AD6A20F1204C}.Ad-Hoc|iPhoneSimulator.Build.0 = Release|Any CPU
		{33834B4B-B31E-4BAD-895F-AD6A20F1204C}.Ad-Hoc|iPhoneSimulator.Deploy.0 = Release|Any CPU
		{33834B4B-B31E-4BAD-895F-AD6A20F1204C}.AppStore|Any CPU.ActiveCfg = Release|Any CPU
		{33834B4B-B31E-4BAD-895F-AD6A20F1204C}.AppStore|Any CPU.Build.0 = Release|Any CPU
		{33834B4B-B31E-4BAD-895F-AD6A20F1204C}.AppStore|Any CPU.Deploy.0 = Release|Any CPU
		{33834B4B-B31E-4BAD-895F-AD6A20F1204C}.AppStore|iPhone.ActiveCfg = Release|Any CPU
		{33834B4B-B31E-4BAD-895F-AD6A20F1204C}.AppStore|iPhone.Build.0 = Release|Any CPU
		{33834B4B-B31E-4BAD-895F-AD6A20F1204C}.AppStore|iPhone.Deploy.0 = Release|Any CPU
		{33834B4B-B31E-4BAD-895F-AD6A20F1204C}.AppStore|iPhoneSimulator.ActiveCfg = Release|Any CPU
		{33834B4B-B31E-4BAD-895F-AD6A20F1204C}.AppStore|iPhoneSimulator.Build.0 = Release|Any CPU
		{33834B4B-B31E-4BAD-895F-AD6A20F1204C}.AppStore|iPhoneSimulator.Deploy.0 = Release|Any CPU
		{33834B4B-B31E-4BAD-895F-AD6A20F1204C}.Debug|Any CPU.ActiveCfg = Debug|Any CPU
		{33834B4B-B31E-4BAD-895F-AD6A20F1204C}.Debug|Any CPU.Build.0 = Debug|Any CPU
		{33834B4B-B31E-4BAD-895F-AD6A20F1204C}.Debug|Any CPU.Deploy.0 = Debug|Any CPU
		{33834B4B-B31E-4BAD-895F-AD6A20F1204C}.Debug|iPhone.ActiveCfg = Debug|Any CPU
		{33834B4B-B31E-4BAD-895F-AD6A20F1204C}.Debug|iPhone.Build.0 = Debug|Any CPU
		{33834B4B-B31E-4BAD-895F-AD6A20F1204C}.Debug|iPhone.Deploy.0 = Debug|Any CPU
		{33834B4B-B31E-4BAD-895F-AD6A20F1204C}.Debug|iPhoneSimulator.ActiveCfg = Debug|Any CPU
		{33834B4B-B31E-4BAD-895F-AD6A20F1204C}.Debug|iPhoneSimulator.Build.0 = Debug|Any CPU
		{33834B4B-B31E-4BAD-895F-AD6A20F1204C}.Debug|iPhoneSimulator.Deploy.0 = Debug|Any CPU
		{33834B4B-B31E-4BAD-895F-AD6A20F1204C}.Release|Any CPU.ActiveCfg = Release|Any CPU
		{33834B4B-B31E-4BAD-895F-AD6A20F1204C}.Release|Any CPU.Build.0 = Release|Any CPU
		{33834B4B-B31E-4BAD-895F-AD6A20F1204C}.Release|Any CPU.Deploy.0 = Release|Any CPU
		{33834B4B-B31E-4BAD-895F-AD6A20F1204C}.Release|iPhone.ActiveCfg = Release|Any CPU
		{33834B4B-B31E-4BAD-895F-AD6A20F1204C}.Release|iPhone.Build.0 = Release|Any CPU
		{33834B4B-B31E-4BAD-895F-AD6A20F1204C}.Release|iPhone.Deploy.0 = Release|Any CPU
		{33834B4B-B31E-4BAD-895F-AD6A20F1204C}.Release|iPhoneSimulator.ActiveCfg = Release|Any CPU
		{33834B4B-B31E-4BAD-895F-AD6A20F1204C}.Release|iPhoneSimulator.Build.0 = Release|Any CPU
		{33834B4B-B31E-4BAD-895F-AD6A20F1204C}.Release|iPhoneSimulator.Deploy.0 = Release|Any CPU
		{4BBEBFC6-EA75-417E-867B-128D38D7F341}.Ad-Hoc|Any CPU.ActiveCfg = Ad-Hoc|iPhone
		{4BBEBFC6-EA75-417E-867B-128D38D7F341}.Ad-Hoc|iPhone.ActiveCfg = Ad-Hoc|iPhone
		{4BBEBFC6-EA75-417E-867B-128D38D7F341}.Ad-Hoc|iPhone.Build.0 = Ad-Hoc|iPhone
		{4BBEBFC6-EA75-417E-867B-128D38D7F341}.Ad-Hoc|iPhoneSimulator.ActiveCfg = Ad-Hoc|iPhoneSimulator
		{4BBEBFC6-EA75-417E-867B-128D38D7F341}.Ad-Hoc|iPhoneSimulator.Build.0 = Ad-Hoc|iPhoneSimulator
		{4BBEBFC6-EA75-417E-867B-128D38D7F341}.AppStore|Any CPU.ActiveCfg = AppStore|iPhone
		{4BBEBFC6-EA75-417E-867B-128D38D7F341}.AppStore|iPhone.ActiveCfg = AppStore|iPhone
		{4BBEBFC6-EA75-417E-867B-128D38D7F341}.AppStore|iPhone.Build.0 = AppStore|iPhone
		{4BBEBFC6-EA75-417E-867B-128D38D7F341}.AppStore|iPhoneSimulator.ActiveCfg = AppStore|iPhoneSimulator
		{4BBEBFC6-EA75-417E-867B-128D38D7F341}.AppStore|iPhoneSimulator.Build.0 = AppStore|iPhoneSimulator
		{4BBEBFC6-EA75-417E-867B-128D38D7F341}.Debug|Any CPU.ActiveCfg = Debug|iPhone
		{4BBEBFC6-EA75-417E-867B-128D38D7F341}.Debug|iPhone.ActiveCfg = Debug|iPhone
		{4BBEBFC6-EA75-417E-867B-128D38D7F341}.Debug|iPhone.Build.0 = Debug|iPhone
		{4BBEBFC6-EA75-417E-867B-128D38D7F341}.Debug|iPhoneSimulator.ActiveCfg = Debug|iPhoneSimulator
		{4BBEBFC6-EA75-417E-867B-128D38D7F341}.Debug|iPhoneSimulator.Build.0 = Debug|iPhoneSimulator
		{4BBEBFC6-EA75-417E-867B-128D38D7F341}.Release|Any CPU.ActiveCfg = Release|iPhone
		{4BBEBFC6-EA75-417E-867B-128D38D7F341}.Release|iPhone.ActiveCfg = Release|iPhone
		{4BBEBFC6-EA75-417E-867B-128D38D7F341}.Release|iPhone.Build.0 = Release|iPhone
		{4BBEBFC6-EA75-417E-867B-128D38D7F341}.Release|iPhoneSimulator.ActiveCfg = Release|iPhoneSimulator
		{4BBEBFC6-EA75-417E-867B-128D38D7F341}.Release|iPhoneSimulator.Build.0 = Release|iPhoneSimulator
		{D20215D1-0ADB-47A0-B813-BCC2B51F8167}.Ad-Hoc|Any CPU.ActiveCfg = Release|Any CPU
		{D20215D1-0ADB-47A0-B813-BCC2B51F8167}.Ad-Hoc|Any CPU.Build.0 = Release|Any CPU
		{D20215D1-0ADB-47A0-B813-BCC2B51F8167}.Ad-Hoc|iPhone.ActiveCfg = Release|Any CPU
		{D20215D1-0ADB-47A0-B813-BCC2B51F8167}.Ad-Hoc|iPhone.Build.0 = Release|Any CPU
		{D20215D1-0ADB-47A0-B813-BCC2B51F8167}.Ad-Hoc|iPhoneSimulator.ActiveCfg = Release|Any CPU
		{D20215D1-0ADB-47A0-B813-BCC2B51F8167}.Ad-Hoc|iPhoneSimulator.Build.0 = Release|Any CPU
		{D20215D1-0ADB-47A0-B813-BCC2B51F8167}.AppStore|Any CPU.ActiveCfg = Release|Any CPU
		{D20215D1-0ADB-47A0-B813-BCC2B51F8167}.AppStore|Any CPU.Build.0 = Release|Any CPU
		{D20215D1-0ADB-47A0-B813-BCC2B51F8167}.AppStore|iPhone.ActiveCfg = Release|Any CPU
		{D20215D1-0ADB-47A0-B813-BCC2B51F8167}.AppStore|iPhone.Build.0 = Release|Any CPU
		{D20215D1-0ADB-47A0-B813-BCC2B51F8167}.AppStore|iPhoneSimulator.ActiveCfg = Release|Any CPU
		{D20215D1-0ADB-47A0-B813-BCC2B51F8167}.AppStore|iPhoneSimulator.Build.0 = Release|Any CPU
		{D20215D1-0ADB-47A0-B813-BCC2B51F8167}.Debug|Any CPU.ActiveCfg = Debug|Any CPU
		{D20215D1-0ADB-47A0-B813-BCC2B51F8167}.Debug|Any CPU.Build.0 = Debug|Any CPU
		{D20215D1-0ADB-47A0-B813-BCC2B51F8167}.Debug|iPhone.ActiveCfg = Debug|Any CPU
		{D20215D1-0ADB-47A0-B813-BCC2B51F8167}.Debug|iPhone.Build.0 = Debug|Any CPU
		{D20215D1-0ADB-47A0-B813-BCC2B51F8167}.Debug|iPhoneSimulator.ActiveCfg = Debug|Any CPU
		{D20215D1-0ADB-47A0-B813-BCC2B51F8167}.Debug|iPhoneSimulator.Build.0 = Debug|Any CPU
		{D20215D1-0ADB-47A0-B813-BCC2B51F8167}.Release|Any CPU.ActiveCfg = Release|Any CPU
		{D20215D1-0ADB-47A0-B813-BCC2B51F8167}.Release|Any CPU.Build.0 = Release|Any CPU
		{D20215D1-0ADB-47A0-B813-BCC2B51F8167}.Release|iPhone.ActiveCfg = Release|Any CPU
		{D20215D1-0ADB-47A0-B813-BCC2B51F8167}.Release|iPhone.Build.0 = Release|Any CPU
		{D20215D1-0ADB-47A0-B813-BCC2B51F8167}.Release|iPhoneSimulator.ActiveCfg = Release|Any CPU
		{D20215D1-0ADB-47A0-B813-BCC2B51F8167}.Release|iPhoneSimulator.Build.0 = Release|Any CPU
		{AE60B1CE-000C-466C-B1EE-3B7706C2F7BA}.Ad-Hoc|Any CPU.ActiveCfg = Release|Any CPU
		{AE60B1CE-000C-466C-B1EE-3B7706C2F7BA}.Ad-Hoc|Any CPU.Build.0 = Release|Any CPU
		{AE60B1CE-000C-466C-B1EE-3B7706C2F7BA}.Ad-Hoc|iPhone.ActiveCfg = Release|Any CPU
		{AE60B1CE-000C-466C-B1EE-3B7706C2F7BA}.Ad-Hoc|iPhone.Build.0 = Release|Any CPU
		{AE60B1CE-000C-466C-B1EE-3B7706C2F7BA}.Ad-Hoc|iPhoneSimulator.ActiveCfg = Release|Any CPU
		{AE60B1CE-000C-466C-B1EE-3B7706C2F7BA}.Ad-Hoc|iPhoneSimulator.Build.0 = Release|Any CPU
		{AE60B1CE-000C-466C-B1EE-3B7706C2F7BA}.AppStore|Any CPU.ActiveCfg = Release|Any CPU
		{AE60B1CE-000C-466C-B1EE-3B7706C2F7BA}.AppStore|Any CPU.Build.0 = Release|Any CPU
		{AE60B1CE-000C-466C-B1EE-3B7706C2F7BA}.AppStore|iPhone.ActiveCfg = Release|Any CPU
		{AE60B1CE-000C-466C-B1EE-3B7706C2F7BA}.AppStore|iPhone.Build.0 = Release|Any CPU
		{AE60B1CE-000C-466C-B1EE-3B7706C2F7BA}.AppStore|iPhoneSimulator.ActiveCfg = Release|Any CPU
		{AE60B1CE-000C-466C-B1EE-3B7706C2F7BA}.AppStore|iPhoneSimulator.Build.0 = Release|Any CPU
		{AE60B1CE-000C-466C-B1EE-3B7706C2F7BA}.Debug|Any CPU.ActiveCfg = Debug|Any CPU
		{AE60B1CE-000C-466C-B1EE-3B7706C2F7BA}.Debug|Any CPU.Build.0 = Debug|Any CPU
		{AE60B1CE-000C-466C-B1EE-3B7706C2F7BA}.Debug|iPhone.ActiveCfg = Debug|Any CPU
		{AE60B1CE-000C-466C-B1EE-3B7706C2F7BA}.Debug|iPhone.Build.0 = Debug|Any CPU
		{AE60B1CE-000C-466C-B1EE-3B7706C2F7BA}.Debug|iPhoneSimulator.ActiveCfg = Debug|Any CPU
		{AE60B1CE-000C-466C-B1EE-3B7706C2F7BA}.Debug|iPhoneSimulator.Build.0 = Debug|Any CPU
		{AE60B1CE-000C-466C-B1EE-3B7706C2F7BA}.Release|Any CPU.ActiveCfg = Release|Any CPU
		{AE60B1CE-000C-466C-B1EE-3B7706C2F7BA}.Release|Any CPU.Build.0 = Release|Any CPU
		{AE60B1CE-000C-466C-B1EE-3B7706C2F7BA}.Release|iPhone.ActiveCfg = Release|Any CPU
		{AE60B1CE-000C-466C-B1EE-3B7706C2F7BA}.Release|iPhone.Build.0 = Release|Any CPU
		{AE60B1CE-000C-466C-B1EE-3B7706C2F7BA}.Release|iPhoneSimulator.ActiveCfg = Release|Any CPU
		{AE60B1CE-000C-466C-B1EE-3B7706C2F7BA}.Release|iPhoneSimulator.Build.0 = Release|Any CPU
	EndGlobalSection
	GlobalSection(SolutionProperties) = preSolution
		HideSolutionNode = FALSE
	EndGlobalSection
EndGlobal
